
Microsoft Visual Studio Solution File, Format Version 12.00
# Visual Studio Version 17
VisualStudioVersion = 17.5.33414.496
MinimumVisualStudioVersion = 10.0.40219.1
Project("{9A19103F-16F7-4668-BE54-9A1E7A4F7556}") = "ProjSistemaFinanceiro.Entidade", "ProjSistemaFinanceiro.Entidade\ProjSistemaFinanceiro.Entidade.csproj", "{31C111F1-92B6-42C7-A138-3B0507EEF3B0}"
EndProject
Project("{2150E333-8FDC-42A3-9474-1A3956D46DE8}") = "1 - Apresentacao", "1 - Apresentacao", "{05BBFECF-46E9-4F0C-B98C-070F61F5C667}"
EndProject
Project("{2150E333-8FDC-42A3-9474-1A3956D46DE8}") = "3 - Dominio", "3 - Dominio", "{A0E5EE39-9F64-4BC4-A77B-AED6B321BA0A}"
EndProject
Project("{2150E333-8FDC-42A3-9474-1A3956D46DE8}") = "4 - Entidade", "4 - Entidade", "{8C806B87-A25B-46C5-ADD5-A7855D24CED9}"
EndProject
Project("{2150E333-8FDC-42A3-9474-1A3956D46DE8}") = "5 - Infraestrutura", "5 - Infraestrutura", "{0484DDC3-02E0-40EF-9843-09B9AAB8888E}"
EndProject
Project("{9A19103F-16F7-4668-BE54-9A1E7A4F7556}") = "ProjSistemaFinanceiro.Dominio", "ProjSistemaFinanceiro.Dominio\ProjSistemaFinanceiro.Dominio.csproj", "{D88CED14-1DF6-420C-AA50-C2B0B2B7139C}"
EndProject
Project("{9A19103F-16F7-4668-BE54-9A1E7A4F7556}") = "ProjSistemaFinanceiro.Apresentacao", "ProjSistemaFinanceiro.Apresentacao\ProjSistemaFinanceiro.Apresentacao.csproj", "{74461B8E-839A-40DA-8690-D9E7838FB058}"
EndProject
Project("{9A19103F-16F7-4668-BE54-9A1E7A4F7556}") = "ProjSistemaFinanceiro.Infraestrutura", "ProjSistemaFinanceiro.Infraestrutura\ProjSistemaFinanceiro.Infraestrutura.csproj", "{55768A67-A57B-48BB-92D8-C3F6CA154AB6}"
EndProject
Project("{2150E333-8FDC-42A3-9474-1A3956D46DE8}") = "2 - Aplicacao", "2 - Aplicacao", "{4B80B071-798D-49AB-8CDC-568203A9D0FB}"
EndProject
Project("{FAE04EC0-301F-11D3-BF4B-00C04F79EFBC}") = "ProjSistemaFinanceiro.Aplicacao", "ProjSistemaFinanceiro.Aplicacao\ProjSistemaFinanceiro.Aplicacao.csproj", "{BEE8B48B-42CB-47E1-88EE-2CA9D7F6CC3D}"
EndProject
Project("{2150E333-8FDC-42A3-9474-1A3956D46DE8}") = "6 - Identity", "6 - Identity", "{517EB681-9216-435F-AD20-31F03169D5D7}"
EndProject
Project("{FAE04EC0-301F-11D3-BF4B-00C04F79EFBC}") = "ProjSistemaFinanceiro.Identity", "ProjSistemaFinanceiro.Identity\ProjSistemaFinanceiro.Identity.csproj", "{46AD9749-23E5-412C-B447-B69B24269DBC}"
EndProject
Global
	GlobalSection(SolutionConfigurationPlatforms) = preSolution
		Debug|Any CPU = Debug|Any CPU
		Release|Any CPU = Release|Any CPU
	EndGlobalSection
	GlobalSection(ProjectConfigurationPlatforms) = postSolution
		{31C111F1-92B6-42C7-A138-3B0507EEF3B0}.Debug|Any CPU.ActiveCfg = Debug|Any CPU
		{31C111F1-92B6-42C7-A138-3B0507EEF3B0}.Debug|Any CPU.Build.0 = Debug|Any CPU
		{31C111F1-92B6-42C7-A138-3B0507EEF3B0}.Release|Any CPU.ActiveCfg = Release|Any CPU
		{31C111F1-92B6-42C7-A138-3B0507EEF3B0}.Release|Any CPU.Build.0 = Release|Any CPU
		{D88CED14-1DF6-420C-AA50-C2B0B2B7139C}.Debug|Any CPU.ActiveCfg = Debug|Any CPU
		{D88CED14-1DF6-420C-AA50-C2B0B2B7139C}.Debug|Any CPU.Build.0 = Debug|Any CPU
		{D88CED14-1DF6-420C-AA50-C2B0B2B7139C}.Release|Any CPU.ActiveCfg = Release|Any CPU
		{D88CED14-1DF6-420C-AA50-C2B0B2B7139C}.Release|Any CPU.Build.0 = Release|Any CPU
		{74461B8E-839A-40DA-8690-D9E7838FB058}.Debug|Any CPU.ActiveCfg = Debug|Any CPU
		{74461B8E-839A-40DA-8690-D9E7838FB058}.Debug|Any CPU.Build.0 = Debug|Any CPU
		{74461B8E-839A-40DA-8690-D9E7838FB058}.Release|Any CPU.ActiveCfg = Release|Any CPU
		{74461B8E-839A-40DA-8690-D9E7838FB058}.Release|Any CPU.Build.0 = Release|Any CPU
		{55768A67-A57B-48BB-92D8-C3F6CA154AB6}.Debug|Any CPU.ActiveCfg = Debug|Any CPU
		{55768A67-A57B-48BB-92D8-C3F6CA154AB6}.Debug|Any CPU.Build.0 = Debug|Any CPU
		{55768A67-A57B-48BB-92D8-C3F6CA154AB6}.Release|Any CPU.ActiveCfg = Release|Any CPU
		{55768A67-A57B-48BB-92D8-C3F6CA154AB6}.Release|Any CPU.Build.0 = Release|Any CPU
		{BEE8B48B-42CB-47E1-88EE-2CA9D7F6CC3D}.Debug|Any CPU.ActiveCfg = Debug|Any CPU
		{BEE8B48B-42CB-47E1-88EE-2CA9D7F6CC3D}.Debug|Any CPU.Build.0 = Debug|Any CPU
		{BEE8B48B-42CB-47E1-88EE-2CA9D7F6CC3D}.Release|Any CPU.ActiveCfg = Release|Any CPU
		{BEE8B48B-42CB-47E1-88EE-2CA9D7F6CC3D}.Release|Any CPU.Build.0 = Release|Any CPU
		{46AD9749-23E5-412C-B447-B69B24269DBC}.Debug|Any CPU.ActiveCfg = Debug|Any CPU
		{46AD9749-23E5-412C-B447-B69B24269DBC}.Debug|Any CPU.Build.0 = Debug|Any CPU
		{46AD9749-23E5-412C-B447-B69B24269DBC}.Release|Any CPU.ActiveCfg = Release|Any CPU
		{46AD9749-23E5-412C-B447-B69B24269DBC}.Release|Any CPU.Build.0 = Release|Any CPU
	EndGlobalSection
	GlobalSection(SolutionProperties) = preSolution
		HideSolutionNode = FALSE
	EndGlobalSection
	GlobalSection(NestedProjects) = preSolution
		{31C111F1-92B6-42C7-A138-3B0507EEF3B0} = {8C806B87-A25B-46C5-ADD5-A7855D24CED9}
		{D88CED14-1DF6-420C-AA50-C2B0B2B7139C} = {A0E5EE39-9F64-4BC4-A77B-AED6B321BA0A}
		{74461B8E-839A-40DA-8690-D9E7838FB058} = {05BBFECF-46E9-4F0C-B98C-070F61F5C667}
		{55768A67-A57B-48BB-92D8-C3F6CA154AB6} = {0484DDC3-02E0-40EF-9843-09B9AAB8888E}
		{BEE8B48B-42CB-47E1-88EE-2CA9D7F6CC3D} = {4B80B071-798D-49AB-8CDC-568203A9D0FB}
		{46AD9749-23E5-412C-B447-B69B24269DBC} = {517EB681-9216-435F-AD20-31F03169D5D7}
	EndGlobalSection
	GlobalSection(ExtensibilityGlobals) = postSolution
		SolutionGuid = {F751A7C3-FFD8-4446-91CC-57212FE31227}
	EndGlobalSection
EndGlobal
